{
  "version": 4,
  "terraform_version": "1.9.8",
  "serial": 72,
  "lineage": "335714a0-a468-0be6-82b3-9e95ff5e616d",
  "outputs": {},
  "resources": [
    {
      "mode": "data",
      "type": "azuread_domains",
      "name": "default",
      "provider": "provider[\"registry.terraform.io/hashicorp/azuread\"]",
      "instances": [
        {
          "schema_version": 0,
          "attributes": {
            "admin_managed": null,
            "domains": [
              {
                "admin_managed": true,
                "authentication_type": "Managed",
                "default": true,
                "domain_name": "jaylonaz30hotmail.onmicrosoft.com",
                "initial": true,
                "root": true,
                "supported_services": [
                  "Email",
                  "OfficeCommunicationsOnline"
                ],
                "verified": true
              }
            ],
            "id": "domains#727712c3-5926-49fb-80ab-abe90d78861b#N9_-QAwxYEW6zSPNP7Zi5w9aH6o=",
            "include_unverified": null,
            "only_default": null,
            "only_initial": true,
            "only_root": null,
            "supports_services": null,
            "timeouts": null
          },
          "sensitive_attributes": []
        }
      ]
    },
    {
      "mode": "managed",
      "type": "azuread_group",
      "name": "human_resources",
      "provider": "provider[\"registry.terraform.io/hashicorp/azuread\"]",
      "instances": [
        {
          "schema_version": 0,
          "attributes": {
            "administrative_unit_ids": [],
            "assignable_to_role": false,
            "auto_subscribe_new_members": false,
            "behaviors": [],
            "description": "",
            "display_name": "Human Resources Department",
            "dynamic_membership": [],
            "external_senders_allowed": false,
            "hide_from_address_lists": false,
            "hide_from_outlook_clients": false,
            "id": "b18ef112-3e83-4f83-b5e1-0035f3db8886",
            "mail": "",
            "mail_enabled": false,
            "mail_nickname": "bdada129-1",
            "members": [],
            "object_id": "b18ef112-3e83-4f83-b5e1-0035f3db8886",
            "onpremises_domain_name": "",
            "onpremises_group_type": "",
            "onpremises_netbios_name": "",
            "onpremises_sam_account_name": "",
            "onpremises_security_identifier": "",
            "onpremises_sync_enabled": false,
            "owners": [
              "ab7e3f34-d9e4-4c4f-a7fc-cb39a6b3a011"
            ],
            "preferred_language": "",
            "prevent_duplicate_names": false,
            "provisioning_options": [],
            "proxy_addresses": [],
            "security_enabled": true,
            "theme": "",
            "timeouts": null,
            "types": [],
            "visibility": "",
            "writeback_enabled": false
          },
          "sensitive_attributes": [],
          "private": "eyJlMmJmYjczMC1lY2FhLTExZTYtOGY4OC0zNDM2M2JjN2M0YzAiOnsiY3JlYXRlIjoxMjAwMDAwMDAwMDAwLCJkZWxldGUiOjMwMDAwMDAwMDAwMCwicmVhZCI6MzAwMDAwMDAwMDAwLCJ1cGRhdGUiOjEyMDAwMDAwMDAwMDB9fQ=="
        }
      ]
    },
    {
      "mode": "managed",
      "type": "azuread_group",
      "name": "information_tech",
      "provider": "provider[\"registry.terraform.io/hashicorp/azuread\"]",
      "instances": [
        {
          "schema_version": 0,
          "attributes": {
            "administrative_unit_ids": [],
            "assignable_to_role": false,
            "auto_subscribe_new_members": false,
            "behaviors": [],
            "description": "",
            "display_name": "IT (Information Technology) Department",
            "dynamic_membership": [],
            "external_senders_allowed": false,
            "hide_from_address_lists": false,
            "hide_from_outlook_clients": false,
            "id": "92146c44-0751-4c53-99a9-c365b4aa3be1",
            "mail": "",
            "mail_enabled": false,
            "mail_nickname": "d0f89019-a",
            "members": [
              "9fbd0186-1438-48c5-b455-d1b3bd535967",
              "d05dfd1d-8d87-47e8-883b-77a6be3ab9c2"
            ],
            "object_id": "92146c44-0751-4c53-99a9-c365b4aa3be1",
            "onpremises_domain_name": "",
            "onpremises_group_type": "",
            "onpremises_netbios_name": "",
            "onpremises_sam_account_name": "",
            "onpremises_security_identifier": "",
            "onpremises_sync_enabled": false,
            "owners": [
              "ab7e3f34-d9e4-4c4f-a7fc-cb39a6b3a011"
            ],
            "preferred_language": "",
            "prevent_duplicate_names": false,
            "provisioning_options": [],
            "proxy_addresses": [],
            "security_enabled": true,
            "theme": "",
            "timeouts": null,
            "types": [],
            "visibility": "",
            "writeback_enabled": false
          },
          "sensitive_attributes": [],
          "private": "eyJlMmJmYjczMC1lY2FhLTExZTYtOGY4OC0zNDM2M2JjN2M0YzAiOnsiY3JlYXRlIjoxMjAwMDAwMDAwMDAwLCJkZWxldGUiOjMwMDAwMDAwMDAwMCwicmVhZCI6MzAwMDAwMDAwMDAwLCJ1cGRhdGUiOjEyMDAwMDAwMDAwMDB9fQ=="
        }
      ]
    },
    {
      "mode": "managed",
      "type": "azuread_group",
      "name": "managers",
      "provider": "provider[\"registry.terraform.io/hashicorp/azuread\"]",
      "instances": [
        {
          "schema_version": 0,
          "attributes": {
            "administrative_unit_ids": [],
            "assignable_to_role": false,
            "auto_subscribe_new_members": false,
            "behaviors": [],
            "description": "",
            "display_name": "Managers",
            "dynamic_membership": [],
            "external_senders_allowed": false,
            "hide_from_address_lists": false,
            "hide_from_outlook_clients": false,
            "id": "b183910b-14c0-43bc-b366-af65d113dee1",
            "mail": "",
            "mail_enabled": false,
            "mail_nickname": "97baf60f-6",
            "members": [],
            "object_id": "b183910b-14c0-43bc-b366-af65d113dee1",
            "onpremises_domain_name": "",
            "onpremises_group_type": "",
            "onpremises_netbios_name": "",
            "onpremises_sam_account_name": "",
            "onpremises_security_identifier": "",
            "onpremises_sync_enabled": false,
            "owners": [
              "ab7e3f34-d9e4-4c4f-a7fc-cb39a6b3a011"
            ],
            "preferred_language": "",
            "prevent_duplicate_names": false,
            "provisioning_options": [],
            "proxy_addresses": [],
            "security_enabled": true,
            "theme": "",
            "timeouts": null,
            "types": [],
            "visibility": "",
            "writeback_enabled": false
          },
          "sensitive_attributes": [],
          "private": "eyJlMmJmYjczMC1lY2FhLTExZTYtOGY4OC0zNDM2M2JjN2M0YzAiOnsiY3JlYXRlIjoxMjAwMDAwMDAwMDAwLCJkZWxldGUiOjMwMDAwMDAwMDAwMCwicmVhZCI6MzAwMDAwMDAwMDAwLCJ1cGRhdGUiOjEyMDAwMDAwMDAwMDB9fQ=="
        }
      ]
    },
    {
      "mode": "managed",
      "type": "azuread_group_member",
      "name": "human_resources_associates",
      "provider": "provider[\"registry.terraform.io/hashicorp/azuread\"]",
      "instances": [
        {
          "index_key": "Ameel.Jones",
          "schema_version": 0,
          "attributes": {
            "group_object_id": "b18ef112-3e83-4f83-b5e1-0035f3db8886",
            "id": "b18ef112-3e83-4f83-b5e1-0035f3db8886/member/f207ad11-90d7-40d7-b16e-5bcee85c053c",
            "member_object_id": "f207ad11-90d7-40d7-b16e-5bcee85c053c",
            "timeouts": null
          },
          "sensitive_attributes": [],
          "private": "eyJlMmJmYjczMC1lY2FhLTExZTYtOGY4OC0zNDM2M2JjN2M0YzAiOnsiY3JlYXRlIjozMDAwMDAwMDAwMDAsImRlbGV0ZSI6MzAwMDAwMDAwMDAwLCJyZWFkIjozMDAwMDAwMDAwMDAsInVwZGF0ZSI6MzAwMDAwMDAwMDAwfX0=",
          "dependencies": [
            "azuread_group.human_resources",
            "azuread_user.users",
            "data.azuread_domains.default"
          ]
        }
      ]
    },
    {
      "mode": "managed",
      "type": "azuread_group_member",
      "name": "information_tech_associates",
      "provider": "provider[\"registry.terraform.io/hashicorp/azuread\"]",
      "instances": [
        {
          "index_key": "Jaylon.Jones",
          "schema_version": 0,
          "attributes": {
            "group_object_id": "92146c44-0751-4c53-99a9-c365b4aa3be1",
            "id": "92146c44-0751-4c53-99a9-c365b4aa3be1/member/9fbd0186-1438-48c5-b455-d1b3bd535967",
            "member_object_id": "9fbd0186-1438-48c5-b455-d1b3bd535967",
            "timeouts": null
          },
          "sensitive_attributes": [],
          "private": "eyJlMmJmYjczMC1lY2FhLTExZTYtOGY4OC0zNDM2M2JjN2M0YzAiOnsiY3JlYXRlIjozMDAwMDAwMDAwMDAsImRlbGV0ZSI6MzAwMDAwMDAwMDAwLCJyZWFkIjozMDAwMDAwMDAwMDAsInVwZGF0ZSI6MzAwMDAwMDAwMDAwfX0=",
          "dependencies": [
            "azuread_group.information_tech",
            "azuread_user.users",
            "data.azuread_domains.default"
          ]
        },
        {
          "index_key": "Kyle.Jones",
          "schema_version": 0,
          "attributes": {
            "group_object_id": "92146c44-0751-4c53-99a9-c365b4aa3be1",
            "id": "92146c44-0751-4c53-99a9-c365b4aa3be1/member/d05dfd1d-8d87-47e8-883b-77a6be3ab9c2",
            "member_object_id": "d05dfd1d-8d87-47e8-883b-77a6be3ab9c2",
            "timeouts": null
          },
          "sensitive_attributes": [],
          "private": "eyJlMmJmYjczMC1lY2FhLTExZTYtOGY4OC0zNDM2M2JjN2M0YzAiOnsiY3JlYXRlIjozMDAwMDAwMDAwMDAsImRlbGV0ZSI6MzAwMDAwMDAwMDAwLCJyZWFkIjozMDAwMDAwMDAwMDAsInVwZGF0ZSI6MzAwMDAwMDAwMDAwfX0=",
          "dependencies": [
            "azuread_group.information_tech",
            "azuread_user.users",
            "data.azuread_domains.default"
          ]
        }
      ]
    },
    {
      "mode": "managed",
      "type": "azuread_user",
      "name": "users",
      "provider": "provider[\"registry.terraform.io/hashicorp/azuread\"]",
      "instances": [
        {
          "index_key": "Ameel.Jones",
          "schema_version": 0,
          "attributes": {
            "about_me": "",
            "account_enabled": true,
            "age_group": "",
            "business_phones": [],
            "city": "",
            "company_name": "",
            "consent_provided_for_minor": "",
            "cost_center": "",
            "country": "",
            "creation_type": "",
            "department": "Human Resources",
            "disable_password_expiration": false,
            "disable_strong_password": false,
            "display_name": "Ameel Jones",
            "division": "",
            "employee_id": "",
            "employee_type": "",
            "external_user_state": "",
            "fax_number": "",
            "force_password_change": true,
            "given_name": "",
            "id": "f207ad11-90d7-40d7-b16e-5bcee85c053c",
            "im_addresses": [],
            "job_title": "HR Analyst",
            "mail": "",
            "mail_nickname": "ajones",
            "manager_id": "",
            "mobile_phone": "",
            "object_id": "f207ad11-90d7-40d7-b16e-5bcee85c053c",
            "office_location": "",
            "onpremises_distinguished_name": "",
            "onpremises_domain_name": "",
            "onpremises_immutable_id": "",
            "onpremises_sam_account_name": "",
            "onpremises_security_identifier": "",
            "onpremises_sync_enabled": false,
            "onpremises_user_principal_name": "",
            "other_mails": null,
            "password": "Password5!",
            "postal_code": "",
            "preferred_language": "",
            "proxy_addresses": [],
            "show_in_address_list": true,
            "state": "",
            "street_address": "",
            "surname": "",
            "timeouts": null,
            "usage_location": "",
            "user_principal_name": "ajones@jaylonaz30hotmail.onmicrosoft.com",
            "user_type": "Member"
          },
          "sensitive_attributes": [
            [
              {
                "type": "get_attr",
                "value": "password"
              }
            ]
          ],
          "private": "eyJlMmJmYjczMC1lY2FhLTExZTYtOGY4OC0zNDM2M2JjN2M0YzAiOnsiY3JlYXRlIjozMDAwMDAwMDAwMDAsImRlbGV0ZSI6MzAwMDAwMDAwMDAwLCJyZWFkIjozMDAwMDAwMDAwMDAsInVwZGF0ZSI6MzAwMDAwMDAwMDAwfX0=",
          "dependencies": [
            "data.azuread_domains.default"
          ]
        },
        {
          "index_key": "Jaylon.Jones",
          "schema_version": 0,
          "attributes": {
            "about_me": "",
            "account_enabled": true,
            "age_group": "",
            "business_phones": [],
            "city": "",
            "company_name": "",
            "consent_provided_for_minor": "",
            "cost_center": "",
            "country": "",
            "creation_type": "",
            "department": "IT (Information Technology)",
            "disable_password_expiration": false,
            "disable_strong_password": false,
            "display_name": "Jaylon Jones",
            "division": "",
            "employee_id": "",
            "employee_type": "",
            "external_user_state": "",
            "fax_number": "",
            "force_password_change": true,
            "given_name": "",
            "id": "9fbd0186-1438-48c5-b455-d1b3bd535967",
            "im_addresses": [],
            "job_title": "Cloud Engineer",
            "mail": "",
            "mail_nickname": "jjones",
            "manager_id": "",
            "mobile_phone": "",
            "object_id": "9fbd0186-1438-48c5-b455-d1b3bd535967",
            "office_location": "",
            "onpremises_distinguished_name": "",
            "onpremises_domain_name": "",
            "onpremises_immutable_id": "",
            "onpremises_sam_account_name": "",
            "onpremises_security_identifier": "",
            "onpremises_sync_enabled": false,
            "onpremises_user_principal_name": "",
            "other_mails": [],
            "password": "Password6!",
            "postal_code": "",
            "preferred_language": "",
            "proxy_addresses": [],
            "show_in_address_list": true,
            "state": "",
            "street_address": "",
            "surname": "",
            "timeouts": null,
            "usage_location": "",
            "user_principal_name": "jjones@jaylonaz30hotmail.onmicrosoft.com",
            "user_type": "Member"
          },
          "sensitive_attributes": [
            [
              {
                "type": "get_attr",
                "value": "password"
              }
            ]
          ],
          "private": "eyJlMmJmYjczMC1lY2FhLTExZTYtOGY4OC0zNDM2M2JjN2M0YzAiOnsiY3JlYXRlIjozMDAwMDAwMDAwMDAsImRlbGV0ZSI6MzAwMDAwMDAwMDAwLCJyZWFkIjozMDAwMDAwMDAwMDAsInVwZGF0ZSI6MzAwMDAwMDAwMDAwfX0=",
          "dependencies": [
            "data.azuread_domains.default"
          ]
        },
        {
          "index_key": "Kyle.Jones",
          "schema_version": 0,
          "attributes": {
            "about_me": "",
            "account_enabled": true,
            "age_group": "",
            "business_phones": [],
            "city": "",
            "company_name": "",
            "consent_provided_for_minor": "",
            "cost_center": "",
            "country": "",
            "creation_type": "",
            "department": "IT (Information Technology)",
            "disable_password_expiration": false,
            "disable_strong_password": false,
            "display_name": "Kyle Jones",
            "division": "",
            "employee_id": "",
            "employee_type": "",
            "external_user_state": "",
            "fax_number": "",
            "force_password_change": true,
            "given_name": "",
            "id": "d05dfd1d-8d87-47e8-883b-77a6be3ab9c2",
            "im_addresses": [],
            "job_title": "Cyber Security Analyst",
            "mail": "",
            "mail_nickname": "kjones",
            "manager_id": "",
            "mobile_phone": "",
            "object_id": "d05dfd1d-8d87-47e8-883b-77a6be3ab9c2",
            "office_location": "",
            "onpremises_distinguished_name": "",
            "onpremises_domain_name": "",
            "onpremises_immutable_id": "",
            "onpremises_sam_account_name": "",
            "onpremises_security_identifier": "",
            "onpremises_sync_enabled": false,
            "onpremises_user_principal_name": "",
            "other_mails": [],
            "password": "Password4!",
            "postal_code": "",
            "preferred_language": "",
            "proxy_addresses": [],
            "show_in_address_list": true,
            "state": "",
            "street_address": "",
            "surname": "",
            "timeouts": null,
            "usage_location": "",
            "user_principal_name": "kjones@jaylonaz30hotmail.onmicrosoft.com",
            "user_type": "Member"
          },
          "sensitive_attributes": [
            [
              {
                "type": "get_attr",
                "value": "password"
              }
            ]
          ],
          "private": "eyJlMmJmYjczMC1lY2FhLTExZTYtOGY4OC0zNDM2M2JjN2M0YzAiOnsiY3JlYXRlIjozMDAwMDAwMDAwMDAsImRlbGV0ZSI6MzAwMDAwMDAwMDAwLCJyZWFkIjozMDAwMDAwMDAwMDAsInVwZGF0ZSI6MzAwMDAwMDAwMDAwfX0=",
          "dependencies": [
            "data.azuread_domains.default"
          ]
        }
      ]
    }
  ],
  "check_results": null
}
